
Microsoft Visual Studio Solution File, Format Version 12.00
Project("{FAE04EC0-301F-11D3-BF4B-00C04F79EFBC}") = "WmiLightAOT", "WmiLightAOT\WmiLightAOT.csproj", "{FA9D3B45-9756-47CE-BB16-27B631B357F3}"
EndProject
Global
	GlobalSection(SolutionConfigurationPlatforms) = preSolution
		Debug|Any CPU = Debug|Any CPU
		Release|Any CPU = Release|Any CPU
	EndGlobalSection
	GlobalSection(ProjectConfigurationPlatforms) = postSolution
		{FA9D3B45-9756-47CE-BB16-27B631B357F3}.Debug|Any CPU.ActiveCfg = Debug|Any CPU
		{FA9D3B45-9756-47CE-BB16-27B631B357F3}.Debug|Any CPU.Build.0 = Debug|Any CPU
		{FA9D3B45-9756-47CE-BB16-27B631B357F3}.Release|Any CPU.ActiveCfg = Release|Any CPU
		{FA9D3B45-9756-47CE-BB16-27B631B357F3}.Release|Any CPU.Build.0 = Release|Any CPU
	EndGlobalSection
EndGlobal
